
Microsoft Visual Studio Solution File, Format Version 12.00
# Visual Studio Version 17
VisualStudioVersion = 17.9.34622.214
MinimumVisualStudioVersion = 10.0.40219.1
Project("{2150E333-8FDC-42A3-9474-1A3956D46DE8}") = "_Solution Items", "_Solution Items", "{26E78812-967D-4A77-864A-3414C882FF66}"
	ProjectSection(SolutionItems) = preProject
		.editorconfig = .editorconfig
		.gitignore = .gitignore
		Directory.Build.props = Directory.Build.props
		Directory.Packages.props = Directory.Packages.props
		dotnet-tools.json = dotnet-tools.json
		NuGet.Config = NuGet.Config
		readme.md = readme.md
	EndProjectSection
EndProject
Project("{2150E333-8FDC-42A3-9474-1A3956D46DE8}") = "src", "src", "{1369500B-5787-414C-88C3-0129D1EFBC6E}"
EndProject
Project("{2150E333-8FDC-42A3-9474-1A3956D46DE8}") = "tests", "tests", "{2F5CD695-2C34-4FB1-961D-3FE0C4B26AE5}"
EndProject
Project("{E53339B2-1760-4266-BCC7-CA923CBCF16C}") = "docker-compose", "docker-compose.dcproj", "{E7106518-D560-4D95-B8A4-9294107C0949}"
EndProject
Project("{9A19103F-16F7-4668-BE54-9A1E7A4F7556}") = "Domain.UnitTests", "tests\Domain.UnitTests\Domain.UnitTests.csproj", "{17791329-5DBF-4DFD-82D1-4E7A7E88D05B}"
EndProject
Project("{9A19103F-16F7-4668-BE54-9A1E7A4F7556}") = "Api.IntegrationTests", "tests\Api.IntegrationTests\Api.IntegrationTests.csproj", "{00C18D11-3176-4A07-80B3-9452718AC9B3}"
EndProject
Project("{9A19103F-16F7-4668-BE54-9A1E7A4F7556}") = "Domain", "src\Domain\Domain.csproj", "{CAC2DE96-0087-4A85-95B9-899CBF7D602C}"
EndProject
Project("{9A19103F-16F7-4668-BE54-9A1E7A4F7556}") = "Infrastructure", "src\Infrastructure\Infrastructure.csproj", "{1F4E5543-CAFC-4CD0-9705-FDABACDF654D}"
EndProject
Project("{9A19103F-16F7-4668-BE54-9A1E7A4F7556}") = "Application", "src\Application\Application.csproj", "{C3B00216-36A8-4E05-860C-8B28F9C2B892}"
EndProject
Project("{9A19103F-16F7-4668-BE54-9A1E7A4F7556}") = "Contracts", "src\Contracts\Contracts.csproj", "{E4F5FFC6-A106-4C81-B629-C3784D698EA1}"
EndProject
Project("{9A19103F-16F7-4668-BE54-9A1E7A4F7556}") = "Api", "src\Api\Api.csproj", "{F3867CB8-7CB4-4CF9-81BC-5420B4110E0A}"
EndProject
Global
	GlobalSection(SolutionConfigurationPlatforms) = preSolution
		Debug|Any CPU = Debug|Any CPU
		Release|Any CPU = Release|Any CPU
	EndGlobalSection
	GlobalSection(ProjectConfigurationPlatforms) = postSolution
		{E7106518-D560-4D95-B8A4-9294107C0949}.Debug|Any CPU.ActiveCfg = Debug|Any CPU
		{E7106518-D560-4D95-B8A4-9294107C0949}.Debug|Any CPU.Build.0 = Debug|Any CPU
		{E7106518-D560-4D95-B8A4-9294107C0949}.Release|Any CPU.ActiveCfg = Release|Any CPU
		{E7106518-D560-4D95-B8A4-9294107C0949}.Release|Any CPU.Build.0 = Release|Any CPU
		{17791329-5DBF-4DFD-82D1-4E7A7E88D05B}.Debug|Any CPU.ActiveCfg = Debug|Any CPU
		{17791329-5DBF-4DFD-82D1-4E7A7E88D05B}.Debug|Any CPU.Build.0 = Debug|Any CPU
		{17791329-5DBF-4DFD-82D1-4E7A7E88D05B}.Release|Any CPU.ActiveCfg = Release|Any CPU
		{17791329-5DBF-4DFD-82D1-4E7A7E88D05B}.Release|Any CPU.Build.0 = Release|Any CPU
		{00C18D11-3176-4A07-80B3-9452718AC9B3}.Debug|Any CPU.ActiveCfg = Debug|Any CPU
		{00C18D11-3176-4A07-80B3-9452718AC9B3}.Debug|Any CPU.Build.0 = Debug|Any CPU
		{00C18D11-3176-4A07-80B3-9452718AC9B3}.Release|Any CPU.ActiveCfg = Release|Any CPU
		{00C18D11-3176-4A07-80B3-9452718AC9B3}.Release|Any CPU.Build.0 = Release|Any CPU
		{CAC2DE96-0087-4A85-95B9-899CBF7D602C}.Debug|Any CPU.ActiveCfg = Debug|Any CPU
		{CAC2DE96-0087-4A85-95B9-899CBF7D602C}.Debug|Any CPU.Build.0 = Debug|Any CPU
		{CAC2DE96-0087-4A85-95B9-899CBF7D602C}.Release|Any CPU.ActiveCfg = Release|Any CPU
		{CAC2DE96-0087-4A85-95B9-899CBF7D602C}.Release|Any CPU.Build.0 = Release|Any CPU
		{1F4E5543-CAFC-4CD0-9705-FDABACDF654D}.Debug|Any CPU.ActiveCfg = Debug|Any CPU
		{1F4E5543-CAFC-4CD0-9705-FDABACDF654D}.Debug|Any CPU.Build.0 = Debug|Any CPU
		{1F4E5543-CAFC-4CD0-9705-FDABACDF654D}.Release|Any CPU.ActiveCfg = Release|Any CPU
		{1F4E5543-CAFC-4CD0-9705-FDABACDF654D}.Release|Any CPU.Build.0 = Release|Any CPU
		{C3B00216-36A8-4E05-860C-8B28F9C2B892}.Debug|Any CPU.ActiveCfg = Debug|Any CPU
		{C3B00216-36A8-4E05-860C-8B28F9C2B892}.Debug|Any CPU.Build.0 = Debug|Any CPU
		{C3B00216-36A8-4E05-860C-8B28F9C2B892}.Release|Any CPU.ActiveCfg = Release|Any CPU
		{C3B00216-36A8-4E05-860C-8B28F9C2B892}.Release|Any CPU.Build.0 = Release|Any CPU
		{E4F5FFC6-A106-4C81-B629-C3784D698EA1}.Debug|Any CPU.ActiveCfg = Debug|Any CPU
		{E4F5FFC6-A106-4C81-B629-C3784D698EA1}.Debug|Any CPU.Build.0 = Debug|Any CPU
		{E4F5FFC6-A106-4C81-B629-C3784D698EA1}.Release|Any CPU.ActiveCfg = Release|Any CPU
		{E4F5FFC6-A106-4C81-B629-C3784D698EA1}.Release|Any CPU.Build.0 = Release|Any CPU
		{F3867CB8-7CB4-4CF9-81BC-5420B4110E0A}.Debug|Any CPU.ActiveCfg = Debug|Any CPU
		{F3867CB8-7CB4-4CF9-81BC-5420B4110E0A}.Debug|Any CPU.Build.0 = Debug|Any CPU
		{F3867CB8-7CB4-4CF9-81BC-5420B4110E0A}.Release|Any CPU.ActiveCfg = Release|Any CPU
		{F3867CB8-7CB4-4CF9-81BC-5420B4110E0A}.Release|Any CPU.Build.0 = Release|Any CPU
	EndGlobalSection
	GlobalSection(SolutionProperties) = preSolution
		HideSolutionNode = FALSE
	EndGlobalSection
	GlobalSection(NestedProjects) = preSolution
		{17791329-5DBF-4DFD-82D1-4E7A7E88D05B} = {2F5CD695-2C34-4FB1-961D-3FE0C4B26AE5}
		{00C18D11-3176-4A07-80B3-9452718AC9B3} = {2F5CD695-2C34-4FB1-961D-3FE0C4B26AE5}
		{CAC2DE96-0087-4A85-95B9-899CBF7D602C} = {1369500B-5787-414C-88C3-0129D1EFBC6E}
		{1F4E5543-CAFC-4CD0-9705-FDABACDF654D} = {1369500B-5787-414C-88C3-0129D1EFBC6E}
		{C3B00216-36A8-4E05-860C-8B28F9C2B892} = {1369500B-5787-414C-88C3-0129D1EFBC6E}
		{E4F5FFC6-A106-4C81-B629-C3784D698EA1} = {1369500B-5787-414C-88C3-0129D1EFBC6E}
		{F3867CB8-7CB4-4CF9-81BC-5420B4110E0A} = {1369500B-5787-414C-88C3-0129D1EFBC6E}
	EndGlobalSection
	GlobalSection(ExtensibilityGlobals) = postSolution
		SolutionGuid = {AFDEB1BB-320B-4C23-BA86-259CB7ECC282}
	EndGlobalSection
EndGlobal
